
Microsoft Visual Studio Solution File, Format Version 12.00
# Visual Studio 15
Project("{FAE04EC0-301F-11D3-BF4B-00C04F79EFBC}") = "Unity.ML-Agents", "Unity.ML-Agents.csproj", "{C16EA9D0-B5D9-65DF-4229-8ADDCB872125}"
EndProject
Project("{FAE04EC0-301F-11D3-BF4B-00C04F79EFBC}") = "Unity.ML-Agents.CommunicatorObjects", "Unity.ML-Agents.CommunicatorObjects.csproj", "{0583AB99-70D6-E5C3-C2AA-314C7F17A5EB}"
EndProject
Project("{FAE04EC0-301F-11D3-BF4B-00C04F79EFBC}") = "Assembly-CSharp", "Assembly-CSharp.csproj", "{ED42CEF6-60ED-559D-6A70-55C25A8082AA}"
EndProject
Project("{FAE04EC0-301F-11D3-BF4B-00C04F79EFBC}") = "Unity.ML-Agents.Editor", "Unity.ML-Agents.Editor.csproj", "{1FA58F6B-B5CD-0BC4-5FDC-12655913419C}"
EndProject
Project("{FAE04EC0-301F-11D3-BF4B-00C04F79EFBC}") = "Assembly-CSharp-Editor", "Assembly-CSharp-Editor.csproj", "{B15FC16A-9E74-DEF8-D521-679725715338}"
EndProject
Global
	GlobalSection(SolutionConfigurationPlatforms) = preSolution
		Debug|Any CPU = Debug|Any CPU
		Release|Any CPU = Release|Any CPU
	EndGlobalSection
	GlobalSection(ProjectConfigurationPlatforms) = postSolution
		{C16EA9D0-B5D9-65DF-4229-8ADDCB872125}.Debug|Any CPU.ActiveCfg = Debug|Any CPU
		{C16EA9D0-B5D9-65DF-4229-8ADDCB872125}.Debug|Any CPU.Build.0 = Debug|Any CPU
		{C16EA9D0-B5D9-65DF-4229-8ADDCB872125}.Release|Any CPU.ActiveCfg = Release|Any CPU
		{C16EA9D0-B5D9-65DF-4229-8ADDCB872125}.Release|Any CPU.Build.0 = Release|Any CPU
		{0583AB99-70D6-E5C3-C2AA-314C7F17A5EB}.Debug|Any CPU.ActiveCfg = Debug|Any CPU
		{0583AB99-70D6-E5C3-C2AA-314C7F17A5EB}.Debug|Any CPU.Build.0 = Debug|Any CPU
		{0583AB99-70D6-E5C3-C2AA-314C7F17A5EB}.Release|Any CPU.ActiveCfg = Release|Any CPU
		{0583AB99-70D6-E5C3-C2AA-314C7F17A5EB}.Release|Any CPU.Build.0 = Release|Any CPU
		{ED42CEF6-60ED-559D-6A70-55C25A8082AA}.Debug|Any CPU.ActiveCfg = Debug|Any CPU
		{ED42CEF6-60ED-559D-6A70-55C25A8082AA}.Debug|Any CPU.Build.0 = Debug|Any CPU
		{ED42CEF6-60ED-559D-6A70-55C25A8082AA}.Release|Any CPU.ActiveCfg = Release|Any CPU
		{ED42CEF6-60ED-559D-6A70-55C25A8082AA}.Release|Any CPU.Build.0 = Release|Any CPU
		{1FA58F6B-B5CD-0BC4-5FDC-12655913419C}.Debug|Any CPU.ActiveCfg = Debug|Any CPU
		{1FA58F6B-B5CD-0BC4-5FDC-12655913419C}.Debug|Any CPU.Build.0 = Debug|Any CPU
		{1FA58F6B-B5CD-0BC4-5FDC-12655913419C}.Release|Any CPU.ActiveCfg = Release|Any CPU
		{1FA58F6B-B5CD-0BC4-5FDC-12655913419C}.Release|Any CPU.Build.0 = Release|Any CPU
		{B15FC16A-9E74-DEF8-D521-679725715338}.Debug|Any CPU.ActiveCfg = Debug|Any CPU
		{B15FC16A-9E74-DEF8-D521-679725715338}.Debug|Any CPU.Build.0 = Debug|Any CPU
		{B15FC16A-9E74-DEF8-D521-679725715338}.Release|Any CPU.ActiveCfg = Release|Any CPU
		{B15FC16A-9E74-DEF8-D521-679725715338}.Release|Any CPU.Build.0 = Release|Any CPU
	EndGlobalSection
	GlobalSection(SolutionProperties) = preSolution
		HideSolutionNode = FALSE
	EndGlobalSection
EndGlobal
